
Microsoft Visual Studio Solution File, Format Version 12.00
# Visual Studio Version 16
VisualStudioVersion = 16.0.30717.126
MinimumVisualStudioVersion = 10.0.40219.1
Project("{FAE04EC0-301F-11D3-BF4B-00C04F79EFBC}") = "PowerPointTemplates", "PowerPointTemplates\PowerPointTemplates.csproj", "{A26521AB-2FA3-476D-AF2D-DC467476A84D}"
EndProject
Global
	GlobalSection(SolutionConfigurationPlatforms) = preSolution
		Debug|Any CPU = Debug|Any CPU
		Release|Any CPU = Release|Any CPU
	EndGlobalSection
	GlobalSection(ProjectConfigurationPlatforms) = postSolution
		{A26521AB-2FA3-476D-AF2D-DC467476A84D}.Debug|Any CPU.ActiveCfg = Debug|Any CPU
		{A26521AB-2FA3-476D-AF2D-DC467476A84D}.Debug|Any CPU.Build.0 = Debug|Any CPU
		{A26521AB-2FA3-476D-AF2D-DC467476A84D}.Release|Any CPU.ActiveCfg = Release|Any CPU
		{A26521AB-2FA3-476D-AF2D-DC467476A84D}.Release|Any CPU.Build.0 = Release|Any CPU
	EndGlobalSection
	GlobalSection(SolutionProperties) = preSolution
		HideSolutionNode = FALSE
	EndGlobalSection
	GlobalSection(ExtensibilityGlobals) = postSolution
		SolutionGuid = {2D3E0607-CBA3-48F4-9A5D-B252C81E8E7E}
	EndGlobalSection
EndGlobal
